Microsoft Visual Studio Solution File, Format Version 12.00
# Visual Studio Version 16
VisualStudioVersion = 16.0.0.0
MinimumVisualStudioVersion = 16.0.0.0
Project("{9A19103F-16F7-4668-BE54-9A1E7A4F7556}") = "BlazorAppWasmLab.Server", "Server\BlazorAppWasmLab.Server.csproj", "{D0378652-A7DE-4E42-A2F8-1BB51229A464}"
EndProject
Project("{9A19103F-16F7-4668-BE54-9A1E7A4F7556}") = "BlazorAppWasmLab.Client", "Client\BlazorAppWasmLab.Client.csproj", "{309BA826-8283-4662-B388-87EEA8B68FDD}"
EndProject
Project("{9A19103F-16F7-4668-BE54-9A1E7A4F7556}") = "BlazorAppWasmLab.Shared", "Shared\BlazorAppWasmLab.Shared.csproj", "{D013B14D-4F14-4B1D-AD18-9B927D7858E1}"
EndProject
Global
	GlobalSection(SolutionConfigurationPlatforms) = preSolution
		Debug|Any CPU = Debug|Any CPU
		Debug|x64 = Debug|x64
		Debug|x86 = Debug|x86
		Release|Any CPU = Release|Any CPU
		Release|x64 = Release|x64
		Release|x86 = Release|x86
	EndGlobalSection
	GlobalSection(ProjectConfigurationPlatforms) = postSolution
		{309BA826-8283-4662-B388-87EEA8B68FDD}.Debug|Any CPU.ActiveCfg = Debug|Any CPU
		{309BA826-8283-4662-B388-87EEA8B68FDD}.Debug|Any CPU.Build.0 = Debug|Any CPU
		{309BA826-8283-4662-B388-87EEA8B68FDD}.Debug|x64.ActiveCfg = Debug|Any CPU
		{309BA826-8283-4662-B388-87EEA8B68FDD}.Debug|x64.Build.0 = Debug|Any CPU
		{309BA826-8283-4662-B388-87EEA8B68FDD}.Debug|x86.ActiveCfg = Debug|Any CPU
		{309BA826-8283-4662-B388-87EEA8B68FDD}.Debug|x86.Build.0 = Debug|Any CPU
		{309BA826-8283-4662-B388-87EEA8B68FDD}.Release|Any CPU.ActiveCfg = Release|Any CPU
		{309BA826-8283-4662-B388-87EEA8B68FDD}.Release|Any CPU.Build.0 = Release|Any CPU
		{309BA826-8283-4662-B388-87EEA8B68FDD}.Release|x64.ActiveCfg = Release|Any CPU
		{309BA826-8283-4662-B388-87EEA8B68FDD}.Release|x64.Build.0 = Release|Any CPU
		{309BA826-8283-4662-B388-87EEA8B68FDD}.Release|x86.ActiveCfg = Release|Any CPU
		{309BA826-8283-4662-B388-87EEA8B68FDD}.Release|x86.Build.0 = Release|Any CPU
		{D0378652-A7DE-4E42-A2F8-1BB51229A464}.Debug|Any CPU.ActiveCfg = Debug|Any CPU
		{D0378652-A7DE-4E42-A2F8-1BB51229A464}.Debug|Any CPU.Build.0 = Debug|Any CPU
		{D0378652-A7DE-4E42-A2F8-1BB51229A464}.Debug|x64.ActiveCfg = Debug|Any CPU
		{D0378652-A7DE-4E42-A2F8-1BB51229A464}.Debug|x64.Build.0 = Debug|Any CPU
		{D0378652-A7DE-4E42-A2F8-1BB51229A464}.Debug|x86.ActiveCfg = Debug|Any CPU
		{D0378652-A7DE-4E42-A2F8-1BB51229A464}.Debug|x86.Build.0 = Debug|Any CPU
		{D0378652-A7DE-4E42-A2F8-1BB51229A464}.Release|Any CPU.ActiveCfg = Release|Any CPU
		{D0378652-A7DE-4E42-A2F8-1BB51229A464}.Release|Any CPU.Build.0 = Release|Any CPU
		{D0378652-A7DE-4E42-A2F8-1BB51229A464}.Release|x64.ActiveCfg = Release|Any CPU
		{D0378652-A7DE-4E42-A2F8-1BB51229A464}.Release|x64.Build.0 = Release|Any CPU
		{D0378652-A7DE-4E42-A2F8-1BB51229A464}.Release|x86.ActiveCfg = Release|Any CPU
		{D0378652-A7DE-4E42-A2F8-1BB51229A464}.Release|x86.Build.0 = Release|Any CPU
		{D013B14D-4F14-4B1D-AD18-9B927D7858E1}.Debug|Any CPU.ActiveCfg = Debug|Any CPU
		{D013B14D-4F14-4B1D-AD18-9B927D7858E1}.Debug|Any CPU.Build.0 = Debug|Any CPU
		{D013B14D-4F14-4B1D-AD18-9B927D7858E1}.Debug|x64.ActiveCfg = Debug|Any CPU
		{D013B14D-4F14-4B1D-AD18-9B927D7858E1}.Debug|x64.Build.0 = Debug|Any CPU
		{D013B14D-4F14-4B1D-AD18-9B927D7858E1}.Debug|x86.ActiveCfg = Debug|Any CPU
		{D013B14D-4F14-4B1D-AD18-9B927D7858E1}.Debug|x86.Build.0 = Debug|Any CPU
		{D013B14D-4F14-4B1D-AD18-9B927D7858E1}.Release|Any CPU.ActiveCfg = Release|Any CPU
		{D013B14D-4F14-4B1D-AD18-9B927D7858E1}.Release|Any CPU.Build.0 = Release|Any CPU
		{D013B14D-4F14-4B1D-AD18-9B927D7858E1}.Release|x64.ActiveCfg = Release|Any CPU
		{D013B14D-4F14-4B1D-AD18-9B927D7858E1}.Release|x64.Build.0 = Release|Any CPU
		{D013B14D-4F14-4B1D-AD18-9B927D7858E1}.Release|x86.ActiveCfg = Release|Any CPU
		{D013B14D-4F14-4B1D-AD18-9B927D7858E1}.Release|x86.Build.0 = Release|Any CPU
	EndGlobalSection
	GlobalSection(SolutionProperties) = preSolution
		HideSolutionNode = FALSE
	EndGlobalSection
	GlobalSection(ExtensibilityGlobals) = postSolution
		SolutionGuid = {76876BE4-2E95-44F1-8EB0-D01CEC575EF4}
	EndGlobalSection
EndGlobal